// !$*UTF8*$!
{
	archiveVersion = 1;
	classes = {
	};
	objectVersion = 50;
	objects = {

/* Begin PBXBuildFile section */
		243F1CFC204495E700560BE3 /* AppDelegate.swift in Sources */ = {isa = PBXBuildFile; fileRef = 243F1CFB204495E700560BE3 /* AppDelegate.swift */; };
		243F1CFE204495E700560BE3 /* ViewController.swift in Sources */ = {isa = PBXBuildFile; fileRef = 243F1CFD204495E700560BE3 /* ViewController.swift */; };
		243F1D01204495E700560BE3 /* Main.storyboard in Resources */ = {isa = PBXBuildFile; fileRef = 243F1CFF204495E700560BE3 /* Main.storyboard */; };
		243F1D03204495E900560BE3 /* Assets.xcassets in Resources */ = {isa = PBXBuildFile; fileRef = 243F1D02204495E900560BE3 /* Assets.xcassets */; };
		243F1D06204495E900560BE3 /* LaunchScreen.storyboard in Resources */ = {isa = PBXBuildFile; fileRef = 243F1D04204495E900560BE3 /* LaunchScreen.storyboard */; };
		243F1D11204495E900560BE3 /* loginTests.swift in Sources */ = {isa = PBXBuildFile; fileRef = 243F1D10204495E900560BE3 /* loginTests.swift */; };
		243F1D1C204495E900560BE3 /* loginUITests.swift in Sources */ = {isa = PBXBuildFile; fileRef = 243F1D1B204495E900560BE3 /* loginUITests.swift */; };
		243F1D2A2044A16900560BE3 /* loginTextField.swift in Sources */ = {isa = PBXBuildFile; fileRef = 243F1D292044A16900560BE3 /* loginTextField.swift */; };
/* End PBXBuildFile section */

/* Begin PBXContainerItemProxy section */
		243F1D0D204495E900560BE3 /* PBXContainerItemProxy */ = {
			isa = PBXContainerItemProxy;
			containerPortal = 243F1CF0204495E700560BE3 /* Project object */;
			proxyType = 1;
			remoteGlobalIDString = 243F1CF7204495E700560BE3;
			remoteInfo = login;
		};
		243F1D18204495E900560BE3 /* PBXContainerItemProxy */ = {
			isa = PBXContainerItemProxy;
			containerPortal = 243F1CF0204495E700560BE3 /* Project object */;
			proxyType = 1;
			remoteGlobalIDString = 243F1CF7204495E700560BE3;
			remoteInfo = login;
		};
/* End PBXContainerItemProxy section */

/* Begin PBXFileReference section */
		243F1CF8204495E700560BE3 /* login.app */ = {isa = PBXFileReference; explicitFileType = wrapper.application; includeInIndex = 0; path = login.app; sourceTree = BUILT_PRODUCTS_DIR; };
		243F1CFB204495E700560BE3 /* AppDelegate.swift */ = {isa = PBXFileReference; lastKnownFileType = sourcecode.swift; path = AppDelegate.swift; sourceTree = "<group>"; };
		243F1CFD204495E700560BE3 /* ViewController.swift */ = {isa = PBXFileReference; lastKnownFileType = sourcecode.swift; path = ViewController.swift; sourceTree = "<group>"; };
		243F1D00204495E700560BE3 /* Base */ = {isa = PBXFileReference; lastKnownFileType = file.storyboard; name = Base; path = Base.lproj/Main.storyboard; sourceTree = "<group>"; };
		243F1D02204495E900560BE3 /* Assets.xcassets */ = {isa = PBXFileReference; lastKnownFileType = folder.assetcatalog; path = Assets.xcassets; sourceTree = "<group>"; };
		243F1D05204495E900560BE3 /* Base */ = {isa = PBXFileReference; lastKnownFileType = file.storyboard; name = Base; path = Base.lproj/LaunchScreen.storyboard; sourceTree = "<group>"; };
		243F1D07204495E900560BE3 /* Info.plist */ = {isa = PBXFileReference; lastKnownFileType = text.plist.xml; path = Info.plist; sourceTree = "<group>"; };
		243F1D0C204495E900560BE3 /* loginTests.xctest */ = {isa = PBXFileReference; explicitFileType = wrapper.cfbundle; includeInIndex = 0; path = loginTests.xctest; sourceTree = BUILT_PRODUCTS_DIR; };
		243F1D10204495E900560BE3 /* loginTests.swift */ = {isa = PBXFileReference; lastKnownFileType = sourcecode.swift; path = loginTests.swift; sourceTree = "<group>"; };
		243F1D12204495E900560BE3 /* Info.plist */ = {isa = PBXFileReference; lastKnownFileType = text.plist.xml; path = Info.plist; sourceTree = "<group>"; };
		243F1D17204495E900560BE3 /* loginUITests.xctest */ = {isa = PBXFileReference; explicitFileType = wrapper.cfbundle; includeInIndex = 0; path = loginUITests.xctest; sourceTree = BUILT_PRODUCTS_DIR; };
		243F1D1B204495E900560BE3 /* loginUITests.swift */ = {isa = PBXFileReference; lastKnownFileType = sourcecode.swift; path = loginUITests.swift; sourceTree = "<group>"; };
		243F1D1D204495E900560BE3 /* Info.plist */ = {isa = PBXFileReference; lastKnownFileType = text.plist.xml; path = Info.plist; sourceTree = "<group>"; };
		243F1D292044A16900560BE3 /* loginTextField.swift */ = {isa = PBXFileReference; lastKnownFileType = sourcecode.swift; path = loginTextField.swift; sourceTree = "<group>"; };
/* End PBXFileReference section */

/* Begin PBXFrameworksBuildPhase section */
		243F1CF5204495E700560BE3 /* Frameworks */ = {
			isa = PBXFrameworksBuildPhase;
			buildActionMask = 2147483647;
			files = (
			);
			runOnlyForDeploymentPostprocessing = 0;
		};
		243F1D09204495E900560BE3 /* Frameworks */ = {
			isa = PBXFrameworksBuildPhase;
			buildActionMask = 2147483647;
			files = (
			);
			runOnlyForDeploymentPostprocessing = 0;
		};
		243F1D14204495E900560BE3 /* Frameworks */ = {
			isa = PBXFrameworksBuildPhase;
			buildActionMask = 2147483647;
			files = (
			);
			runOnlyForDeploymentPostprocessing = 0;
		};
/* End PBXFrameworksBuildPhase section */

/* Begin PBXGroup section */
		243F1CEF204495E700560BE3 = {
			isa = PBXGroup;
			children = (
				243F1CFA204495E700560BE3 /* login */,
				243F1D0F204495E900560BE3 /* loginTests */,
				243F1D1A204495E900560BE3 /* loginUITests */,
				243F1CF9204495E700560BE3 /* Products */,
			);
			sourceTree = "<group>";
		};
		243F1CF9204495E700560BE3 /* Products */ = {
			isa = PBXGroup;
			children = (
				243F1CF8204495E700560BE3 /* login.app */,
				243F1D0C204495E900560BE3 /* loginTests.xctest */,
				243F1D17204495E900560BE3 /* loginUITests.xctest */,
			);
			name = Products;
			sourceTree = "<group>";
		};
		243F1CFA204495E700560BE3 /* login */ = {
			isa = PBXGroup;
			children = (
				243F1CFB204495E700560BE3 /* AppDelegate.swift */,
				243F1CFD204495E700560BE3 /* ViewController.swift */,
				243F1D292044A16900560BE3 /* loginTextField.swift */,
				243F1CFF204495E700560BE3 /* Main.storyboard */,
				243F1D02204495E900560BE3 /* Assets.xcassets */,
				243F1D04204495E900560BE3 /* LaunchScreen.storyboard */,
				243F1D07204495E900560BE3 /* Info.plist */,
			);
			path = login;
			sourceTree = "<group>";
		};
		243F1D0F204495E900560BE3 /* loginTests */ = {
			isa = PBXGroup;
			children = (
				243F1D10204495E900560BE3 /* loginTests.swift */,
				243F1D12204495E900560BE3 /* Info.plist */,
			);
			path = loginTests;
			sourceTree = "<group>";
		};
		243F1D1A204495E900560BE3 /* loginUITests */ = {
			isa = PBXGroup;
			children = (
				243F1D1B204495E900560BE3 /* loginUITests.swift */,
				243F1D1D204495E900560BE3 /* Info.plist */,
			);
			path = loginUITests;
			sourceTree = "<group>";
		};
/* End PBXGroup section */

/* Begin PBXNativeTarget section */
		243F1CF7204495E700560BE3 /* login */ = {
			isa = PBXNativeTarget;
			buildConfigurationList = 243F1D20204495E900560BE3 /* Build configuration list for PBXNativeTarget "login" */;
			buildPhases = (
				243F1CF4204495E700560BE3 /* Sources */,
				243F1CF5204495E700560BE3 /* Frameworks */,
				243F1CF6204495E700560BE3 /* Resources */,
			);
			buildRules = (
			);
			dependencies = (
			);
			name = login;
			productName = login;
			productReference = 243F1CF8204495E700560BE3 /* login.app */;
			productType = "com.apple.product-type.application";
		};
		243F1D0B204495E900560BE3 /* loginTests */ = {
			isa = PBXNativeTarget;
			buildConfigurationList = 243F1D23204495E900560BE3 /* Build configuration list for PBXNativeTarget "loginTests" */;
			buildPhases = (
				243F1D08204495E900560BE3 /* Sources */,
				243F1D09204495E900560BE3 /* Frameworks */,
				243F1D0A204495E900560BE3 /* Resources */,
			);
			buildRules = (
			);
			dependencies = (
				243F1D0E204495E900560BE3 /* PBXTargetDependency */,
			);
			name = loginTests;
			productName = loginTests;
			productReference = 243F1D0C204495E900560BE3 /* loginTests.xctest */;
			productType = "com.apple.product-type.bundle.unit-test";
		};
		243F1D16204495E900560BE3 /* loginUITests */ = {
			isa = PBXNativeTarget;
			buildConfigurationList = 243F1D26204495E900560BE3 /* Build configuration list for PBXNativeTarget "loginUITests" */;
			buildPhases = (
				243F1D13204495E900560BE3 /* Sources */,
				243F1D14204495E900560BE3 /* Frameworks */,
				243F1D15204495E900560BE3 /* Resources */,
			);
			buildRules = (
			);
			dependencies = (
				243F1D19204495E900560BE3 /* PBXTargetDependency */,
			);
			name = loginUITests;
			productName = loginUITests;
			productReference = 243F1D17204495E900560BE3 /* loginUITests.xctest */;
			productType = "com.apple.product-type.bundle.ui-testing";
		};
/* End PBXNativeTarget section */

/* Begin PBXProject section */
		243F1CF0204495E700560BE3 /* Project object */ = {
			isa = PBXProject;
			attributes = {
				LastSwiftUpdateCheck = 0930;
				LastUpgradeCheck = 0930;
				ORGANIZATIONNAME = "Dana Szapiro";
				TargetAttributes = {
					243F1CF7204495E700560BE3 = {
						CreatedOnToolsVersion = 9.3;
					};
					243F1D0B204495E900560BE3 = {
						CreatedOnToolsVersion = 9.3;
						TestTargetID = 243F1CF7204495E700560BE3;
					};
					243F1D16204495E900560BE3 = {
						CreatedOnToolsVersion = 9.3;
						TestTargetID = 243F1CF7204495E700560BE3;
					};
				};
			};
			buildConfigurationList = 243F1CF3204495E700560BE3 /* Build configuration list for PBXProject "login" */;
			compatibilityVersion = "Xcode 9.3";
			developmentRegion = en;
			hasScannedForEncodings = 0;
			knownRegions = (
				en,
				Base,
			);
			mainGroup = 243F1CEF204495E700560BE3;
			productRefGroup = 243F1CF9204495E700560BE3 /* Products */;
			projectDirPath = "";
			projectRoot = "";
			targets = (
				243F1CF7204495E700560BE3 /* login */,
				243F1D0B204495E900560BE3 /* loginTests */,
				243F1D16204495E900560BE3 /* loginUITests */,
			);
		};
/* End PBXProject section */

/* Begin PBXResourcesBuildPhase section */
		243F1CF6204495E700560BE3 /* Resources */ = {
			isa = PBXResourcesBuildPhase;
			buildActionMask = 2147483647;
			files = (
				243F1D06204495E900560BE3 /* LaunchScreen.storyboard in Resources */,
				243F1D03204495E900560BE3 /* Assets.xcassets in Resources */,
				243F1D01204495E700560BE3 /* Main.storyboard in Resources */,
			);
			runOnlyForDeploymentPostprocessing = 0;
		};
		243F1D0A204495E900560BE3 /* Resources */ = {
			isa = PBXResourcesBuildPhase;
			buildActionMask = 2147483647;
			files = (
			);
			runOnlyForDeploymentPostprocessing = 0;
		};
		243F1D15204495E900560BE3 /* Resources */ = {
			isa = PBXResourcesBuildPhase;
			buildActionMask = 2147483647;
			files = (
			);
			runOnlyForDeploymentPostprocessing = 0;
		};
/* End PBXResourcesBuildPhase section */

/* Begin PBXSourcesBuildPhase section */
		243F1CF4204495E700560BE3 /* Sources */ = {
			isa = PBXSourcesBuildPhase;
			buildActionMask = 2147483647;
			files = (
				243F1CFE204495E700560BE3 /* ViewController.swift in Sources */,
				243F1CFC204495E700560BE3 /* AppDelegate.swift in Sources */,
				243F1D2A2044A16900560BE3 /* loginTextField.swift in Sources */,
			);
			runOnlyForDeploymentPostprocessing = 0;
		};
		243F1D08204495E900560BE3 /* Sources */ = {
			isa = PBXSourcesBuildPhase;
			buildActionMask = 2147483647;
			files = (
				243F1D11204495E900560BE3 /* loginTests.swift in Sources */,
			);
			runOnlyForDeploymentPostprocessing = 0;
		};
		243F1D13204495E900560BE3 /* Sources */ = {
			isa = PBXSourcesBuildPhase;
			buildActionMask = 2147483647;
			files = (
				243F1D1C204495E900560BE3 /* loginUITests.swift in Sources */,
			);
			runOnlyForDeploymentPostprocessing = 0;
		};
/* End PBXSourcesBuildPhase section */

/* Begin PBXTargetDependency section */
		243F1D0E204495E900560BE3 /* PBXTargetDependency */ = {
			isa = PBXTargetDependency;
			target = 243F1CF7204495E700560BE3 /* login */;
			targetProxy = 243F1D0D204495E900560BE3 /* PBXContainerItemProxy */;
		};
		243F1D19204495E900560BE3 /* PBXTargetDependency */ = {
			isa = PBXTargetDependency;
			target = 243F1CF7204495E700560BE3 /* login */;
			targetProxy = 243F1D18204495E900560BE3 /* PBXContainerItemProxy */;
		};
/* End PBXTargetDependency section */

/* Begin PBXVariantGroup section */
		243F1CFF204495E700560BE3 /* Main.storyboard */ = {
			isa = PBXVariantGroup;
			children = (
				243F1D00204495E700560BE3 /* Base */,
			);
			name = Main.storyboard;
			sourceTree = "<group>";
		};
		243F1D04204495E900560BE3 /* LaunchScreen.storyboard */ = {
			isa = PBXVariantGroup;
			children = (
				243F1D05204495E900560BE3 /* Base */,
			);
			name = LaunchScreen.storyboard;
			sourceTree = "<group>";
		};
/* End PBXVariantGroup section */

/* Begin XCBuildConfiguration section */
		243F1D1E204495E900560BE3 /* Debug */ = {
			isa = XCBuildConfiguration;
			buildSettings = {
				ALWAYS_SEARCH_USER_PATHS = NO;
				CLANG_ANALYZER_NONNULL = YES;
				CLANG_ANALYZER_NUMBER_OBJECT_CONVERSION = YES_AGGRESSIVE;
				CLANG_CXX_LANGUAGE_STANDARD = "gnu++14";
				CLANG_CXX_LIBRARY = "libc++";
				CLANG_ENABLE_MODULES = YES;
				CLANG_ENABLE_OBJC_ARC = YES;
				CLANG_ENABLE_OBJC_WEAK = YES;
				CLANG_WARN_BLOCK_CAPTURE_AUTORELEASING = YES;
				CLANG_WARN_BOOL_CONVERSION = YES;
				CLANG_WARN_COMMA = YES;
				CLANG_WARN_CONSTANT_CONVERSION = YES;
				CLANG_WARN_DEPRECATED_OBJC_IMPLEMENTATIONS = YES;
				CLANG_WARN_DIRECT_OBJC_ISA_USAGE = YES_ERROR;
				CLANG_WARN_DOCUMENTATION_COMMENTS = YES;
				CLANG_WARN_EMPTY_BODY = YES;
				CLANG_WARN_ENUM_CONVERSION = YES;
				CLANG_WARN_INFINITE_RECURSION = YES;
				CLANG_WARN_INT_CONVERSION = YES;
				CLANG_WARN_NON_LITERAL_NULL_CONVERSION = YES;
				CLANG_WARN_OBJC_IMPLICIT_RETAIN_SELF = YES;
				CLANG_WARN_OBJC_LITERAL_CONVERSION = YES;
				CLANG_WARN_OBJC_ROOT_CLASS = YES_ERROR;
				CLANG_WARN_RANGE_LOOP_ANALYSIS = YES;
				CLANG_WARN_STRICT_PROTOTYPES = YES;
				CLANG_WARN_SUSPICIOUS_MOVE = YES;
				CLANG_WARN_UNGUARDED_AVAILABILITY = YES_AGGRESSIVE;
				CLANG_WARN_UNREACHABLE_CODE = YES;
				CLANG_WARN__DUPLICATE_METHOD_MATCH = YES;
				CODE_SIGN_IDENTITY = "iPhone Developer";
				COPY_PHASE_STRIP = NO;
				DEBUG_INFORMATION_FORMAT = dwarf;
				ENABLE_STRICT_OBJC_MSGSEND = YES;
				ENABLE_TESTABILITY = YES;
				GCC_C_LANGUAGE_STANDARD = gnu11;
				GCC_DYNAMIC_NO_PIC = NO;
				GCC_NO_COMMON_BLOCKS = YES;
				GCC_OPTIMIZATION_LEVEL = 0;
				GCC_PREPROCESSOR_DEFINITIONS = (
					"DEBUG=1",
					"$(inherited)",
				);
				GCC_WARN_64_TO_32_BIT_CONVERSION = YES;
				GCC_WARN_ABOUT_RETURN_TYPE = YES_ERROR;
				GCC_WARN_UNDECLARED_SELECTOR = YES;
				GCC_WARN_UNINITIALIZED_AUTOS = YES_AGGRESSIVE;
				GCC_WARN_UNUSED_FUNCTION = YES;
				GCC_WARN_UNUSED_VARIABLE = YES;
				IPHONEOS_DEPLOYMENT_TARGET = 11.3;
				MTL_ENABLE_DEBUG_INFO = YES;
				ONLY_ACTIVE_ARCH = YES;
				SDKROOT = iphoneos;
				SWIFT_ACTIVE_COMPILATION_CONDITIONS = DEBUG;
				SWIFT_OPTIMIZATION_LEVEL = "-Onone";
			};
			name = Debug;
		};
		243F1D1F204495E900560BE3 /* Release */ = {
			isa = XCBuildConfiguration;
			buildSettings = {
				ALWAYS_SEARCH_USER_PATHS = NO;
				CLANG_ANALYZER_NONNULL = YES;
				CLANG_ANALYZER_NUMBER_OBJECT_CONVERSION = YES_AGGRESSIVE;
				CLANG_CXX_LANGUAGE_STANDARD = "gnu++14";
				CLANG_CXX_LIBRARY = "libc++";
				CLANG_ENABLE_MODULES = YES;
				CLANG_ENABLE_OBJC_ARC = YES;
				CLANG_ENABLE_OBJC_WEAK = YES;
				CLANG_WARN_BLOCK_CAPTURE_AUTORELEASING = YES;
				CLANG_WARN_BOOL_CONVERSION = YES;
				CLANG_WARN_COMMA = YES;
				CLANG_WARN_CONSTANT_CONVERSION = YES;
				CLANG_WARN_DEPRECATED_OBJC_IMPLEMENTATIONS = YES;
				CLANG_WARN_DIRECT_OBJC_ISA_USAGE = YES_ERROR;
				CLANG_WARN_DOCUMENTATION_COMMENTS = YES;
				CLANG_WARN_EMPTY_BODY = YES;
				CLANG_WARN_ENUM_CONVERSION = YES;
				CLANG_WARN_INFINITE_RECURSION = YES;
				CLANG_WARN_INT_CONVERSION = YES;
				CLANG_WARN_NON_LITERAL_NULL_CONVERSION = YES;
				CLANG_WARN_OBJC_IMPLICIT_RETAIN_SELF = YES;
				CLANG_WARN_OBJC_LITERAL_CONVERSION = YES;
				CLANG_WARN_OBJC_ROOT_CLASS = YES_ERROR;
				CLANG_WARN_RANGE_LOOP_ANALYSIS = YES;
				CLANG_WARN_STRICT_PROTOTYPES = YES;
				CLANG_WARN_SUSPICIOUS_MOVE = YES;
				CLANG_WARN_UNGUARDED_AVAILABILITY = YES_AGGRESSIVE;
				CLANG_WARN_UNREACHABLE_CODE = YES;
				CLANG_WARN__DUPLICATE_METHOD_MATCH = YES;
				CODE_SIGN_IDENTITY = "iPhone Developer";
				COPY_PHASE_STRIP = NO;
				DEBUG_INFORMATION_FORMAT = "dwarf-with-dsym";
				ENABLE_NS_ASSERTIONS = NO;
				ENABLE_STRICT_OBJC_MSGSEND = YES;
				GCC_C_LANGUAGE_STANDARD = gnu11;
				GCC_NO_COMMON_BLOCKS = YES;
				GCC_WARN_64_TO_32_BIT_CONVERSION = YES;
				GCC_WARN_ABOUT_RETURN_TYPE = YES_ERROR;
				GCC_WARN_UNDECLARED_SELECTOR = YES;
				GCC_WARN_UNINITIALIZED_AUTOS = YES_AGGRESSIVE;
				GCC_WARN_UNUSED_FUNCTION = YES;
				GCC_WARN_UNUSED_VARIABLE = YES;
				IPHONEOS_DEPLOYMENT_TARGET = 11.3;
				MTL_ENABLE_DEBUG_INFO = NO;
				SDKROOT = iphoneos;
				SWIFT_COMPILATION_MODE = wholemodule;
				SWIFT_OPTIMIZATION_LEVEL = "-O";
				VALIDATE_PRODUCT = YES;
			};
			name = Release;
		};
		243F1D21204495E900560BE3 /* Debug */ = {
			isa = XCBuildConfiguration;
			buildSettings = {
				ASSETCATALOG_COMPILER_APPICON_NAME = AppIcon;
				CODE_SIGN_STYLE = Automatic;
				INFOPLIST_FILE = login/Info.plist;
				LD_RUNPATH_SEARCH_PATHS = (
					"$(inherited)",
					"@executable_path/Frameworks",
				);
				PRODUCT_BUNDLE_IDENTIFIER = bu.login;
				PRODUCT_NAME = "$(TARGET_NAME)";
				SWIFT_VERSION = 4.0;
				TARGETED_DEVICE_FAMILY = "1,2";
			};
			name = Debug;
		};
		243F1D22204495E900560BE3 /* Release */ = {
			isa = XCBuildConfiguration;
			buildSettings = {
				ASSETCATALOG_COMPILER_APPICON_NAME = AppIcon;
				CODE_SIGN_STYLE = Automatic;
				INFOPLIST_FILE = login/Info.plist;
				LD_RUNPATH_SEARCH_PATHS = (
					"$(inherited)",
					"@executable_path/Frameworks",
				);
				PRODUCT_BUNDLE_IDENTIFIER = bu.login;
				PRODUCT_NAME = "$(TARGET_NAME)";
				SWIFT_VERSION = 4.0;
				TARGETED_DEVICE_FAMILY = "1,2";
			};
			name = Release;
		};
		243F1D24204495E900560BE3 /* Debug */ = {
			isa = XCBuildConfiguration;
			buildSettings = {
				ALWAYS_EMBED_SWIFT_STANDARD_LIBRARIES = YES;
				BUNDLE_LOADER = "$(TEST_HOST)";
				CODE_SIGN_STYLE = Automatic;
				INFOPLIST_FILE = loginTests/Info.plist;
				LD_RUNPATH_SEARCH_PATHS = (
					"$(inherited)",
					"@executable_path/Frameworks",
					"@loader_path/Frameworks",
				);
				PRODUCT_BUNDLE_IDENTIFIER = bu.loginTests;
				PRODUCT_NAME = "$(TARGET_NAME)";
				SWIFT_VERSION = 4.0;
				TARGETED_DEVICE_FAMILY = "1,2";
				TEST_HOST = "$(BUILT_PRODUCTS_DIR)/login.app/login";
			};
			name = Debug;
		};
		243F1D25204495E900560BE3 /* Release */ = {
			isa = XCBuildConfiguration;
			buildSettings = {
				ALWAYS_EMBED_SWIFT_STANDARD_LIBRARIES = YES;
				BUNDLE_LOADER = "$(TEST_HOST)";
				CODE_SIGN_STYLE = Automatic;
				INFOPLIST_FILE = loginTests/Info.plist;
				LD_RUNPATH_SEARCH_PATHS = (
					"$(inherited)",
					"@executable_path/Frameworks",
					"@loader_path/Frameworks",
				);
				PRODUCT_BUNDLE_IDENTIFIER = bu.loginTests;
				PRODUCT_NAME = "$(TARGET_NAME)";
				SWIFT_VERSION = 4.0;
				TARGETED_DEVICE_FAMILY = "1,2";
				TEST_HOST = "$(BUILT_PRODUCTS_DIR)/login.app/login";
			};
			name = Release;
		};
		243F1D27204495E900560BE3 /* Debug */ = {
			isa = XCBuildConfiguration;
			buildSettings = {
				ALWAYS_EMBED_SWIFT_STANDARD_LIBRARIES = YES;
				CODE_SIGN_STYLE = Automatic;
				INFOPLIST_FILE = loginUITests/Info.plist;
				LD_RUNPATH_SEARCH_PATHS = (
					"$(inherited)",
					"@executable_path/Frameworks",
					"@loader_path/Frameworks",
				);
				PRODUCT_BUNDLE_IDENTIFIER = bu.loginUITests;
				PRODUCT_NAME = "$(TARGET_NAME)";
				SWIFT_VERSION = 4.0;
				TARGETED_DEVICE_FAMILY = "1,2";
				TEST_TARGET_NAME = login;
			};
			name = Debug;
		};
		243F1D28204495E900560BE3 /* Release */ = {
			isa = XCBuildConfiguration;
			buildSettings = {
				ALWAYS_EMBED_SWIFT_STANDARD_LIBRARIES = YES;
				CODE_SIGN_STYLE = Automatic;
				INFOPLIST_FILE = loginUITests/Info.plist;
				LD_RUNPATH_SEARCH_PATHS = (
					"$(inherited)",
					"@executable_path/Frameworks",
					"@loader_path/Frameworks",
				);
				PRODUCT_BUNDLE_IDENTIFIER = bu.loginUITests;
				PRODUCT_NAME = "$(TARGET_NAME)";
				SWIFT_VERSION = 4.0;
				TARGETED_DEVICE_FAMILY = "1,2";
				TEST_TARGET_NAME = login;
			};
			name = Release;
		};
/* End XCBuildConfiguration section */

/* Begin XCConfigurationList section */
		243F1CF3204495E700560BE3 /* Build configuration list for PBXProject "login" */ = {
			isa = XCConfigurationList;
			buildConfigurations = (
				243F1D1E204495E900560BE3 /* Debug */,
				243F1D1F204495E900560BE3 /* Release */,
			);
			defaultConfigurationIsVisible = 0;
			defaultConfigurationName = Release;
		};
		243F1D20204495E900560BE3 /* Build configuration list for PBXNativeTarget "login" */ = {
			isa = XCConfigurationList;
			buildConfigurations = (
				243F1D21204495E900560BE3 /* Debug */,
				243F1D22204495E900560BE3 /* Release */,
			);
			defaultConfigurationIsVisible = 0;
			defaultConfigurationName = Release;
		};
		243F1D23204495E900560BE3 /* Build configuration list for PBXNativeTarget "loginTests" */ = {
			isa = XCConfigurationList;
			buildConfigurations = (
				243F1D24204495E900560BE3 /* Debug */,
				243F1D25204495E900560BE3 /* Release */,
			);
			defaultConfigurationIsVisible = 0;
			defaultConfigurationName = Release;
		};
		243F1D26204495E900560BE3 /* Build configuration list for PBXNativeTarget "loginUITests" */ = {
			isa = XCConfigurationList;
			buildConfigurations = (
				243F1D27204495E900560BE3 /* Debug */,
				243F1D28204495E900560BE3 /* Release */,
			);
			defaultConfigurationIsVisible = 0;
			defaultConfigurationName = Release;
		};
/* End XCConfigurationList section */
	};
	rootObject = 243F1CF0204495E700560BE3 /* Project object */;
}
