// !$*UTF8*$!
{
	archiveVersion = 1;
	classes = {
	};
	objectVersion = 50;
	objects = {

/* Begin PBXBuildFile section */
		24D949B22059846800A457AB /* AppDelegate.swift in Sources */ = {isa = PBXBuildFile; fileRef = 24D949B12059846800A457AB /* AppDelegate.swift */; };
		24D949B42059846800A457AB /* ViewController.swift in Sources */ = {isa = PBXBuildFile; fileRef = 24D949B32059846800A457AB /* ViewController.swift */; };
		24D949B72059846800A457AB /* Main.storyboard in Resources */ = {isa = PBXBuildFile; fileRef = 24D949B52059846800A457AB /* Main.storyboard */; };
		24D949B92059846B00A457AB /* Assets.xcassets in Resources */ = {isa = PBXBuildFile; fileRef = 24D949B82059846B00A457AB /* Assets.xcassets */; };
		24D949BC2059846B00A457AB /* LaunchScreen.storyboard in Resources */ = {isa = PBXBuildFile; fileRef = 24D949BA2059846B00A457AB /* LaunchScreen.storyboard */; };
		24D949C72059846B00A457AB /* alzhaimers_appTests.swift in Sources */ = {isa = PBXBuildFile; fileRef = 24D949C62059846B00A457AB /* alzhaimers_appTests.swift */; };
		24D949D22059846B00A457AB /* alzhaimers_appUITests.swift in Sources */ = {isa = PBXBuildFile; fileRef = 24D949D12059846B00A457AB /* alzhaimers_appUITests.swift */; };
		24D949E0205EF42C00A457AB /* RegisterPageViewController.swift in Sources */ = {isa = PBXBuildFile; fileRef = 24D949DF205EF42B00A457AB /* RegisterPageViewController.swift */; };
		24D949E4205F028B00A457AB /* LoginPageViewController.swift in Sources */ = {isa = PBXBuildFile; fileRef = 24D949E3205F028B00A457AB /* LoginPageViewController.swift */; };
/* End PBXBuildFile section */

/* Begin PBXContainerItemProxy section */
		24D949C32059846B00A457AB /* PBXContainerItemProxy */ = {
			isa = PBXContainerItemProxy;
			containerPortal = 24D949A62059846800A457AB /* Project object */;
			proxyType = 1;
			remoteGlobalIDString = 24D949AD2059846800A457AB;
			remoteInfo = alzhaimers_app;
		};
		24D949CE2059846B00A457AB /* PBXContainerItemProxy */ = {
			isa = PBXContainerItemProxy;
			containerPortal = 24D949A62059846800A457AB /* Project object */;
			proxyType = 1;
			remoteGlobalIDString = 24D949AD2059846800A457AB;
			remoteInfo = alzhaimers_app;
		};
/* End PBXContainerItemProxy section */

/* Begin PBXFileReference section */
		24D949AE2059846800A457AB /* alzhaimers_app.app */ = {isa = PBXFileReference; explicitFileType = wrapper.application; includeInIndex = 0; path = alzhaimers_app.app; sourceTree = BUILT_PRODUCTS_DIR; };
		24D949B12059846800A457AB /* AppDelegate.swift */ = {isa = PBXFileReference; lastKnownFileType = sourcecode.swift; path = AppDelegate.swift; sourceTree = "<group>"; };
		24D949B32059846800A457AB /* ViewController.swift */ = {isa = PBXFileReference; lastKnownFileType = sourcecode.swift; path = ViewController.swift; sourceTree = "<group>"; };
		24D949B62059846800A457AB /* Base */ = {isa = PBXFileReference; lastKnownFileType = file.storyboard; name = Base; path = Base.lproj/Main.storyboard; sourceTree = "<group>"; };
		24D949B82059846B00A457AB /* Assets.xcassets */ = {isa = PBXFileReference; lastKnownFileType = folder.assetcatalog; path = Assets.xcassets; sourceTree = "<group>"; };
		24D949BB2059846B00A457AB /* Base */ = {isa = PBXFileReference; lastKnownFileType = file.storyboard; name = Base; path = Base.lproj/LaunchScreen.storyboard; sourceTree = "<group>"; };
		24D949BD2059846B00A457AB /* Info.plist */ = {isa = PBXFileReference; lastKnownFileType = text.plist.xml; path = Info.plist; sourceTree = "<group>"; };
		24D949C22059846B00A457AB /* alzhaimers_appTests.xctest */ = {isa = PBXFileReference; explicitFileType = wrapper.cfbundle; includeInIndex = 0; path = alzhaimers_appTests.xctest; sourceTree = BUILT_PRODUCTS_DIR; };
		24D949C62059846B00A457AB /* alzhaimers_appTests.swift */ = {isa = PBXFileReference; lastKnownFileType = sourcecode.swift; path = alzhaimers_appTests.swift; sourceTree = "<group>"; };
		24D949C82059846B00A457AB /* Info.plist */ = {isa = PBXFileReference; lastKnownFileType = text.plist.xml; path = Info.plist; sourceTree = "<group>"; };
		24D949CD2059846B00A457AB /* alzhaimers_appUITests.xctest */ = {isa = PBXFileReference; explicitFileType = wrapper.cfbundle; includeInIndex = 0; path = alzhaimers_appUITests.xctest; sourceTree = BUILT_PRODUCTS_DIR; };
		24D949D12059846B00A457AB /* alzhaimers_appUITests.swift */ = {isa = PBXFileReference; lastKnownFileType = sourcecode.swift; path = alzhaimers_appUITests.swift; sourceTree = "<group>"; };
		24D949D32059846B00A457AB /* Info.plist */ = {isa = PBXFileReference; lastKnownFileType = text.plist.xml; path = Info.plist; sourceTree = "<group>"; };
		24D949DF205EF42B00A457AB /* RegisterPageViewController.swift */ = {isa = PBXFileReference; lastKnownFileType = sourcecode.swift; path = RegisterPageViewController.swift; sourceTree = "<group>"; };
		24D949E3205F028B00A457AB /* LoginPageViewController.swift */ = {isa = PBXFileReference; lastKnownFileType = sourcecode.swift; path = LoginPageViewController.swift; sourceTree = "<group>"; };
/* End PBXFileReference section */

/* Begin PBXFrameworksBuildPhase section */
		24D949AB2059846800A457AB /* Frameworks */ = {
			isa = PBXFrameworksBuildPhase;
			buildActionMask = 2147483647;
			files = (
			);
			runOnlyForDeploymentPostprocessing = 0;
		};
		24D949BF2059846B00A457AB /* Frameworks */ = {
			isa = PBXFrameworksBuildPhase;
			buildActionMask = 2147483647;
			files = (
			);
			runOnlyForDeploymentPostprocessing = 0;
		};
		24D949CA2059846B00A457AB /* Frameworks */ = {
			isa = PBXFrameworksBuildPhase;
			buildActionMask = 2147483647;
			files = (
			);
			runOnlyForDeploymentPostprocessing = 0;
		};
/* End PBXFrameworksBuildPhase section */

/* Begin PBXGroup section */
		24D949A52059846800A457AB = {
			isa = PBXGroup;
			children = (
				24D949B02059846800A457AB /* alzhaimers_app */,
				24D949C52059846B00A457AB /* alzhaimers_appTests */,
				24D949D02059846B00A457AB /* alzhaimers_appUITests */,
				24D949AF2059846800A457AB /* Products */,
			);
			sourceTree = "<group>";
		};
		24D949AF2059846800A457AB /* Products */ = {
			isa = PBXGroup;
			children = (
				24D949AE2059846800A457AB /* alzhaimers_app.app */,
				24D949C22059846B00A457AB /* alzhaimers_appTests.xctest */,
				24D949CD2059846B00A457AB /* alzhaimers_appUITests.xctest */,
			);
			name = Products;
			sourceTree = "<group>";
		};
		24D949B02059846800A457AB /* alzhaimers_app */ = {
			isa = PBXGroup;
			children = (
				24D949B12059846800A457AB /* AppDelegate.swift */,
				24D949B32059846800A457AB /* ViewController.swift */,
				24D949B52059846800A457AB /* Main.storyboard */,
				24D949E3205F028B00A457AB /* LoginPageViewController.swift */,
				24D949DF205EF42B00A457AB /* RegisterPageViewController.swift */,
				24D949B82059846B00A457AB /* Assets.xcassets */,
				24D949BA2059846B00A457AB /* LaunchScreen.storyboard */,
				24D949BD2059846B00A457AB /* Info.plist */,
			);
			path = alzhaimers_app;
			sourceTree = "<group>";
		};
		24D949C52059846B00A457AB /* alzhaimers_appTests */ = {
			isa = PBXGroup;
			children = (
				24D949C62059846B00A457AB /* alzhaimers_appTests.swift */,
				24D949C82059846B00A457AB /* Info.plist */,
			);
			path = alzhaimers_appTests;
			sourceTree = "<group>";
		};
		24D949D02059846B00A457AB /* alzhaimers_appUITests */ = {
			isa = PBXGroup;
			children = (
				24D949D12059846B00A457AB /* alzhaimers_appUITests.swift */,
				24D949D32059846B00A457AB /* Info.plist */,
			);
			path = alzhaimers_appUITests;
			sourceTree = "<group>";
		};
/* End PBXGroup section */

/* Begin PBXNativeTarget section */
		24D949AD2059846800A457AB /* alzhaimers_app */ = {
			isa = PBXNativeTarget;
			buildConfigurationList = 24D949D62059846B00A457AB /* Build configuration list for PBXNativeTarget "alzhaimers_app" */;
			buildPhases = (
				24D949AA2059846800A457AB /* Sources */,
				24D949AB2059846800A457AB /* Frameworks */,
				24D949AC2059846800A457AB /* Resources */,
			);
			buildRules = (
			);
			dependencies = (
			);
			name = alzhaimers_app;
			productName = alzhaimers_app;
			productReference = 24D949AE2059846800A457AB /* alzhaimers_app.app */;
			productType = "com.apple.product-type.application";
		};
		24D949C12059846B00A457AB /* alzhaimers_appTests */ = {
			isa = PBXNativeTarget;
			buildConfigurationList = 24D949D92059846B00A457AB /* Build configuration list for PBXNativeTarget "alzhaimers_appTests" */;
			buildPhases = (
				24D949BE2059846B00A457AB /* Sources */,
				24D949BF2059846B00A457AB /* Frameworks */,
				24D949C02059846B00A457AB /* Resources */,
			);
			buildRules = (
			);
			dependencies = (
				24D949C42059846B00A457AB /* PBXTargetDependency */,
			);
			name = alzhaimers_appTests;
			productName = alzhaimers_appTests;
			productReference = 24D949C22059846B00A457AB /* alzhaimers_appTests.xctest */;
			productType = "com.apple.product-type.bundle.unit-test";
		};
		24D949CC2059846B00A457AB /* alzhaimers_appUITests */ = {
			isa = PBXNativeTarget;
			buildConfigurationList = 24D949DC2059846B00A457AB /* Build configuration list for PBXNativeTarget "alzhaimers_appUITests" */;
			buildPhases = (
				24D949C92059846B00A457AB /* Sources */,
				24D949CA2059846B00A457AB /* Frameworks */,
				24D949CB2059846B00A457AB /* Resources */,
			);
			buildRules = (
			);
			dependencies = (
				24D949CF2059846B00A457AB /* PBXTargetDependency */,
			);
			name = alzhaimers_appUITests;
			productName = alzhaimers_appUITests;
			productReference = 24D949CD2059846B00A457AB /* alzhaimers_appUITests.xctest */;
			productType = "com.apple.product-type.bundle.ui-testing";
		};
/* End PBXNativeTarget section */

/* Begin PBXProject section */
		24D949A62059846800A457AB /* Project object */ = {
			isa = PBXProject;
			attributes = {
				LastSwiftUpdateCheck = 0930;
				LastUpgradeCheck = 0930;
				ORGANIZATIONNAME = "Dana Szapiro";
				TargetAttributes = {
					24D949AD2059846800A457AB = {
						CreatedOnToolsVersion = 9.3;
					};
					24D949C12059846B00A457AB = {
						CreatedOnToolsVersion = 9.3;
						TestTargetID = 24D949AD2059846800A457AB;
					};
					24D949CC2059846B00A457AB = {
						CreatedOnToolsVersion = 9.3;
						TestTargetID = 24D949AD2059846800A457AB;
					};
				};
			};
			buildConfigurationList = 24D949A92059846800A457AB /* Build configuration list for PBXProject "alzhaimers_app" */;
			compatibilityVersion = "Xcode 9.3";
			developmentRegion = en;
			hasScannedForEncodings = 0;
			knownRegions = (
				en,
				Base,
			);
			mainGroup = 24D949A52059846800A457AB;
			productRefGroup = 24D949AF2059846800A457AB /* Products */;
			projectDirPath = "";
			projectRoot = "";
			targets = (
				24D949AD2059846800A457AB /* alzhaimers_app */,
				24D949C12059846B00A457AB /* alzhaimers_appTests */,
				24D949CC2059846B00A457AB /* alzhaimers_appUITests */,
			);
		};
/* End PBXProject section */

/* Begin PBXResourcesBuildPhase section */
		24D949AC2059846800A457AB /* Resources */ = {
			isa = PBXResourcesBuildPhase;
			buildActionMask = 2147483647;
			files = (
				24D949BC2059846B00A457AB /* LaunchScreen.storyboard in Resources */,
				24D949B92059846B00A457AB /* Assets.xcassets in Resources */,
				24D949B72059846800A457AB /* Main.storyboard in Resources */,
			);
			runOnlyForDeploymentPostprocessing = 0;
		};
		24D949C02059846B00A457AB /* Resources */ = {
			isa = PBXResourcesBuildPhase;
			buildActionMask = 2147483647;
			files = (
			);
			runOnlyForDeploymentPostprocessing = 0;
		};
		24D949CB2059846B00A457AB /* Resources */ = {
			isa = PBXResourcesBuildPhase;
			buildActionMask = 2147483647;
			files = (
			);
			runOnlyForDeploymentPostprocessing = 0;
		};
/* End PBXResourcesBuildPhase section */

/* Begin PBXSourcesBuildPhase section */
		24D949AA2059846800A457AB /* Sources */ = {
			isa = PBXSourcesBuildPhase;
			buildActionMask = 2147483647;
			files = (
				24D949B42059846800A457AB /* ViewController.swift in Sources */,
				24D949E4205F028B00A457AB /* LoginPageViewController.swift in Sources */,
				24D949B22059846800A457AB /* AppDelegate.swift in Sources */,
				24D949E0205EF42C00A457AB /* RegisterPageViewController.swift in Sources */,
			);
			runOnlyForDeploymentPostprocessing = 0;
		};
		24D949BE2059846B00A457AB /* Sources */ = {
			isa = PBXSourcesBuildPhase;
			buildActionMask = 2147483647;
			files = (
				24D949C72059846B00A457AB /* alzhaimers_appTests.swift in Sources */,
			);
			runOnlyForDeploymentPostprocessing = 0;
		};
		24D949C92059846B00A457AB /* Sources */ = {
			isa = PBXSourcesBuildPhase;
			buildActionMask = 2147483647;
			files = (
				24D949D22059846B00A457AB /* alzhaimers_appUITests.swift in Sources */,
			);
			runOnlyForDeploymentPostprocessing = 0;
		};
/* End PBXSourcesBuildPhase section */

/* Begin PBXTargetDependency section */
		24D949C42059846B00A457AB /* PBXTargetDependency */ = {
			isa = PBXTargetDependency;
			target = 24D949AD2059846800A457AB /* alzhaimers_app */;
			targetProxy = 24D949C32059846B00A457AB /* PBXContainerItemProxy */;
		};
		24D949CF2059846B00A457AB /* PBXTargetDependency */ = {
			isa = PBXTargetDependency;
			target = 24D949AD2059846800A457AB /* alzhaimers_app */;
			targetProxy = 24D949CE2059846B00A457AB /* PBXContainerItemProxy */;
		};
/* End PBXTargetDependency section */

/* Begin PBXVariantGroup section */
		24D949B52059846800A457AB /* Main.storyboard */ = {
			isa = PBXVariantGroup;
			children = (
				24D949B62059846800A457AB /* Base */,
			);
			name = Main.storyboard;
			sourceTree = "<group>";
		};
		24D949BA2059846B00A457AB /* LaunchScreen.storyboard */ = {
			isa = PBXVariantGroup;
			children = (
				24D949BB2059846B00A457AB /* Base */,
			);
			name = LaunchScreen.storyboard;
			sourceTree = "<group>";
		};
/* End PBXVariantGroup section */

/* Begin XCBuildConfiguration section */
		24D949D42059846B00A457AB /* Debug */ = {
			isa = XCBuildConfiguration;
			buildSettings = {
				ALWAYS_SEARCH_USER_PATHS = NO;
				CLANG_ANALYZER_NONNULL = YES;
				CLANG_ANALYZER_NUMBER_OBJECT_CONVERSION = YES_AGGRESSIVE;
				CLANG_CXX_LANGUAGE_STANDARD = "gnu++14";
				CLANG_CXX_LIBRARY = "libc++";
				CLANG_ENABLE_MODULES = YES;
				CLANG_ENABLE_OBJC_ARC = YES;
				CLANG_ENABLE_OBJC_WEAK = YES;
				CLANG_WARN_BLOCK_CAPTURE_AUTORELEASING = YES;
				CLANG_WARN_BOOL_CONVERSION = YES;
				CLANG_WARN_COMMA = YES;
				CLANG_WARN_CONSTANT_CONVERSION = YES;
				CLANG_WARN_DEPRECATED_OBJC_IMPLEMENTATIONS = YES;
				CLANG_WARN_DIRECT_OBJC_ISA_USAGE = YES_ERROR;
				CLANG_WARN_DOCUMENTATION_COMMENTS = YES;
				CLANG_WARN_EMPTY_BODY = YES;
				CLANG_WARN_ENUM_CONVERSION = YES;
				CLANG_WARN_INFINITE_RECURSION = YES;
				CLANG_WARN_INT_CONVERSION = YES;
				CLANG_WARN_NON_LITERAL_NULL_CONVERSION = YES;
				CLANG_WARN_OBJC_IMPLICIT_RETAIN_SELF = YES;
				CLANG_WARN_OBJC_LITERAL_CONVERSION = YES;
				CLANG_WARN_OBJC_ROOT_CLASS = YES_ERROR;
				CLANG_WARN_RANGE_LOOP_ANALYSIS = YES;
				CLANG_WARN_STRICT_PROTOTYPES = YES;
				CLANG_WARN_SUSPICIOUS_MOVE = YES;
				CLANG_WARN_UNGUARDED_AVAILABILITY = YES_AGGRESSIVE;
				CLANG_WARN_UNREACHABLE_CODE = YES;
				CLANG_WARN__DUPLICATE_METHOD_MATCH = YES;
				CODE_SIGN_IDENTITY = "iPhone Developer";
				COPY_PHASE_STRIP = NO;
				DEBUG_INFORMATION_FORMAT = dwarf;
				ENABLE_STRICT_OBJC_MSGSEND = YES;
				ENABLE_TESTABILITY = YES;
				GCC_C_LANGUAGE_STANDARD = gnu11;
				GCC_DYNAMIC_NO_PIC = NO;
				GCC_NO_COMMON_BLOCKS = YES;
				GCC_OPTIMIZATION_LEVEL = 0;
				GCC_PREPROCESSOR_DEFINITIONS = (
					"DEBUG=1",
					"$(inherited)",
				);
				GCC_WARN_64_TO_32_BIT_CONVERSION = YES;
				GCC_WARN_ABOUT_RETURN_TYPE = YES_ERROR;
				GCC_WARN_UNDECLARED_SELECTOR = YES;
				GCC_WARN_UNINITIALIZED_AUTOS = YES_AGGRESSIVE;
				GCC_WARN_UNUSED_FUNCTION = YES;
				GCC_WARN_UNUSED_VARIABLE = YES;
				IPHONEOS_DEPLOYMENT_TARGET = 11.3;
				MTL_ENABLE_DEBUG_INFO = YES;
				ONLY_ACTIVE_ARCH = YES;
				SDKROOT = iphoneos;
				SWIFT_ACTIVE_COMPILATION_CONDITIONS = DEBUG;
				SWIFT_OPTIMIZATION_LEVEL = "-Onone";
			};
			name = Debug;
		};
		24D949D52059846B00A457AB /* Release */ = {
			isa = XCBuildConfiguration;
			buildSettings = {
				ALWAYS_SEARCH_USER_PATHS = NO;
				CLANG_ANALYZER_NONNULL = YES;
				CLANG_ANALYZER_NUMBER_OBJECT_CONVERSION = YES_AGGRESSIVE;
				CLANG_CXX_LANGUAGE_STANDARD = "gnu++14";
				CLANG_CXX_LIBRARY = "libc++";
				CLANG_ENABLE_MODULES = YES;
				CLANG_ENABLE_OBJC_ARC = YES;
				CLANG_ENABLE_OBJC_WEAK = YES;
				CLANG_WARN_BLOCK_CAPTURE_AUTORELEASING = YES;
				CLANG_WARN_BOOL_CONVERSION = YES;
				CLANG_WARN_COMMA = YES;
				CLANG_WARN_CONSTANT_CONVERSION = YES;
				CLANG_WARN_DEPRECATED_OBJC_IMPLEMENTATIONS = YES;
				CLANG_WARN_DIRECT_OBJC_ISA_USAGE = YES_ERROR;
				CLANG_WARN_DOCUMENTATION_COMMENTS = YES;
				CLANG_WARN_EMPTY_BODY = YES;
				CLANG_WARN_ENUM_CONVERSION = YES;
				CLANG_WARN_INFINITE_RECURSION = YES;
				CLANG_WARN_INT_CONVERSION = YES;
				CLANG_WARN_NON_LITERAL_NULL_CONVERSION = YES;
				CLANG_WARN_OBJC_IMPLICIT_RETAIN_SELF = YES;
				CLANG_WARN_OBJC_LITERAL_CONVERSION = YES;
				CLANG_WARN_OBJC_ROOT_CLASS = YES_ERROR;
				CLANG_WARN_RANGE_LOOP_ANALYSIS = YES;
				CLANG_WARN_STRICT_PROTOTYPES = YES;
				CLANG_WARN_SUSPICIOUS_MOVE = YES;
				CLANG_WARN_UNGUARDED_AVAILABILITY = YES_AGGRESSIVE;
				CLANG_WARN_UNREACHABLE_CODE = YES;
				CLANG_WARN__DUPLICATE_METHOD_MATCH = YES;
				CODE_SIGN_IDENTITY = "iPhone Developer";
				COPY_PHASE_STRIP = NO;
				DEBUG_INFORMATION_FORMAT = "dwarf-with-dsym";
				ENABLE_NS_ASSERTIONS = NO;
				ENABLE_STRICT_OBJC_MSGSEND = YES;
				GCC_C_LANGUAGE_STANDARD = gnu11;
				GCC_NO_COMMON_BLOCKS = YES;
				GCC_WARN_64_TO_32_BIT_CONVERSION = YES;
				GCC_WARN_ABOUT_RETURN_TYPE = YES_ERROR;
				GCC_WARN_UNDECLARED_SELECTOR = YES;
				GCC_WARN_UNINITIALIZED_AUTOS = YES_AGGRESSIVE;
				GCC_WARN_UNUSED_FUNCTION = YES;
				GCC_WARN_UNUSED_VARIABLE = YES;
				IPHONEOS_DEPLOYMENT_TARGET = 11.3;
				MTL_ENABLE_DEBUG_INFO = NO;
				SDKROOT = iphoneos;
				SWIFT_COMPILATION_MODE = wholemodule;
				SWIFT_OPTIMIZATION_LEVEL = "-O";
				VALIDATE_PRODUCT = YES;
			};
			name = Release;
		};
		24D949D72059846B00A457AB /* Debug */ = {
			isa = XCBuildConfiguration;
			buildSettings = {
				ASSETCATALOG_COMPILER_APPICON_NAME = AppIcon;
				CODE_SIGN_STYLE = Automatic;
				INFOPLIST_FILE = alzhaimers_app/Info.plist;
				LD_RUNPATH_SEARCH_PATHS = (
					"$(inherited)",
					"@executable_path/Frameworks",
				);
				PRODUCT_BUNDLE_IDENTIFIER = "bu.alzhaimers-app";
				PRODUCT_NAME = "$(TARGET_NAME)";
				SWIFT_VERSION = 4.0;
				TARGETED_DEVICE_FAMILY = "1,2";
			};
			name = Debug;
		};
		24D949D82059846B00A457AB /* Release */ = {
			isa = XCBuildConfiguration;
			buildSettings = {
				ASSETCATALOG_COMPILER_APPICON_NAME = AppIcon;
				CODE_SIGN_STYLE = Automatic;
				INFOPLIST_FILE = alzhaimers_app/Info.plist;
				LD_RUNPATH_SEARCH_PATHS = (
					"$(inherited)",
					"@executable_path/Frameworks",
				);
				PRODUCT_BUNDLE_IDENTIFIER = "bu.alzhaimers-app";
				PRODUCT_NAME = "$(TARGET_NAME)";
				SWIFT_VERSION = 4.0;
				TARGETED_DEVICE_FAMILY = "1,2";
			};
			name = Release;
		};
		24D949DA2059846B00A457AB /* Debug */ = {
			isa = XCBuildConfiguration;
			buildSettings = {
				ALWAYS_EMBED_SWIFT_STANDARD_LIBRARIES = YES;
				BUNDLE_LOADER = "$(TEST_HOST)";
				CODE_SIGN_STYLE = Automatic;
				INFOPLIST_FILE = alzhaimers_appTests/Info.plist;
				LD_RUNPATH_SEARCH_PATHS = (
					"$(inherited)",
					"@executable_path/Frameworks",
					"@loader_path/Frameworks",
				);
				PRODUCT_BUNDLE_IDENTIFIER = "bu.alzhaimers-appTests";
				PRODUCT_NAME = "$(TARGET_NAME)";
				SWIFT_VERSION = 4.0;
				TARGETED_DEVICE_FAMILY = "1,2";
				TEST_HOST = "$(BUILT_PRODUCTS_DIR)/alzhaimers_app.app/alzhaimers_app";
			};
			name = Debug;
		};
		24D949DB2059846B00A457AB /* Release */ = {
			isa = XCBuildConfiguration;
			buildSettings = {
				ALWAYS_EMBED_SWIFT_STANDARD_LIBRARIES = YES;
				BUNDLE_LOADER = "$(TEST_HOST)";
				CODE_SIGN_STYLE = Automatic;
				INFOPLIST_FILE = alzhaimers_appTests/Info.plist;
				LD_RUNPATH_SEARCH_PATHS = (
					"$(inherited)",
					"@executable_path/Frameworks",
					"@loader_path/Frameworks",
				);
				PRODUCT_BUNDLE_IDENTIFIER = "bu.alzhaimers-appTests";
				PRODUCT_NAME = "$(TARGET_NAME)";
				SWIFT_VERSION = 4.0;
				TARGETED_DEVICE_FAMILY = "1,2";
				TEST_HOST = "$(BUILT_PRODUCTS_DIR)/alzhaimers_app.app/alzhaimers_app";
			};
			name = Release;
		};
		24D949DD2059846B00A457AB /* Debug */ = {
			isa = XCBuildConfiguration;
			buildSettings = {
				ALWAYS_EMBED_SWIFT_STANDARD_LIBRARIES = YES;
				CODE_SIGN_STYLE = Automatic;
				INFOPLIST_FILE = alzhaimers_appUITests/Info.plist;
				LD_RUNPATH_SEARCH_PATHS = (
					"$(inherited)",
					"@executable_path/Frameworks",
					"@loader_path/Frameworks",
				);
				PRODUCT_BUNDLE_IDENTIFIER = "bu.alzhaimers-appUITests";
				PRODUCT_NAME = "$(TARGET_NAME)";
				SWIFT_VERSION = 4.0;
				TARGETED_DEVICE_FAMILY = "1,2";
				TEST_TARGET_NAME = alzhaimers_app;
			};
			name = Debug;
		};
		24D949DE2059846B00A457AB /* Release */ = {
			isa = XCBuildConfiguration;
			buildSettings = {
				ALWAYS_EMBED_SWIFT_STANDARD_LIBRARIES = YES;
				CODE_SIGN_STYLE = Automatic;
				INFOPLIST_FILE = alzhaimers_appUITests/Info.plist;
				LD_RUNPATH_SEARCH_PATHS = (
					"$(inherited)",
					"@executable_path/Frameworks",
					"@loader_path/Frameworks",
				);
				PRODUCT_BUNDLE_IDENTIFIER = "bu.alzhaimers-appUITests";
				PRODUCT_NAME = "$(TARGET_NAME)";
				SWIFT_VERSION = 4.0;
				TARGETED_DEVICE_FAMILY = "1,2";
				TEST_TARGET_NAME = alzhaimers_app;
			};
			name = Release;
		};
/* End XCBuildConfiguration section */

/* Begin XCConfigurationList section */
		24D949A92059846800A457AB /* Build configuration list for PBXProject "alzhaimers_app" */ = {
			isa = XCConfigurationList;
			buildConfigurations = (
				24D949D42059846B00A457AB /* Debug */,
				24D949D52059846B00A457AB /* Release */,
			);
			defaultConfigurationIsVisible = 0;
			defaultConfigurationName = Release;
		};
		24D949D62059846B00A457AB /* Build configuration list for PBXNativeTarget "alzhaimers_app" */ = {
			isa = XCConfigurationList;
			buildConfigurations = (
				24D949D72059846B00A457AB /* Debug */,
				24D949D82059846B00A457AB /* Release */,
			);
			defaultConfigurationIsVisible = 0;
			defaultConfigurationName = Release;
		};
		24D949D92059846B00A457AB /* Build configuration list for PBXNativeTarget "alzhaimers_appTests" */ = {
			isa = XCConfigurationList;
			buildConfigurations = (
				24D949DA2059846B00A457AB /* Debug */,
				24D949DB2059846B00A457AB /* Release */,
			);
			defaultConfigurationIsVisible = 0;
			defaultConfigurationName = Release;
		};
		24D949DC2059846B00A457AB /* Build configuration list for PBXNativeTarget "alzhaimers_appUITests" */ = {
			isa = XCConfigurationList;
			buildConfigurations = (
				24D949DD2059846B00A457AB /* Debug */,
				24D949DE2059846B00A457AB /* Release */,
			);
			defaultConfigurationIsVisible = 0;
			defaultConfigurationName = Release;
		};
/* End XCConfigurationList section */
	};
	rootObject = 24D949A62059846800A457AB /* Project object */;
}
